
Microsoft Visual Studio Solution File, Format Version 12.00
# Visual Studio 15
VisualStudioVersion = 15.0.28307.902
MinimumVisualStudioVersion = 10.0.40219.1
Project("{FAE04EC0-301F-11D3-BF4B-00C04F79EFBC}") = "Course08Linq", "Course08Linq\Course08Linq.csproj", "{BEBCF02C-1927-42E9-B434-028C8359A78E}"
EndProject
Global
	GlobalSection(SolutionConfigurationPlatforms) = preSolution
		Debug|Any CPU = Debug|Any CPU
		Release|Any CPU = Release|Any CPU
	EndGlobalSection
	GlobalSection(ProjectConfigurationPlatforms) = postSolution
		{BEBCF02C-1927-42E9-B434-028C8359A78E}.Debug|Any CPU.ActiveCfg = Debug|Any CPU
		{BEBCF02C-1927-42E9-B434-028C8359A78E}.Debug|Any CPU.Build.0 = Debug|Any CPU
		{BEBCF02C-1927-42E9-B434-028C8359A78E}.Release|Any CPU.ActiveCfg = Release|Any CPU
		{BEBCF02C-1927-42E9-B434-028C8359A78E}.Release|Any CPU.Build.0 = Release|Any CPU
	EndGlobalSection
	GlobalSection(SolutionProperties) = preSolution
		HideSolutionNode = FALSE
	EndGlobalSection
	GlobalSection(ExtensibilityGlobals) = postSolution
		SolutionGuid = {5E1286A2-9235-491C-B3A9-59EB74DF77DA}
	EndGlobalSection
EndGlobal
