
Microsoft Visual Studio Solution File, Format Version 12.00
# Visual Studio 15
VisualStudioVersion = 15.0.28307.902
MinimumVisualStudioVersion = 10.0.40219.1
Project("{FAE04EC0-301F-11D3-BF4B-00C04F79EFBC}") = "DesignPattern", "DesignPattern\DesignPattern.csproj", "{FDF6F3D0-93C2-44EA-AB12-DFE5B3327CEE}"
EndProject
Global
	GlobalSection(SolutionConfigurationPlatforms) = preSolution
		Debug|Any CPU = Debug|Any CPU
		Release|Any CPU = Release|Any CPU
	EndGlobalSection
	GlobalSection(ProjectConfigurationPlatforms) = postSolution
		{FDF6F3D0-93C2-44EA-AB12-DFE5B3327CEE}.Debug|Any CPU.ActiveCfg = Debug|Any CPU
		{FDF6F3D0-93C2-44EA-AB12-DFE5B3327CEE}.Debug|Any CPU.Build.0 = Debug|Any CPU
		{FDF6F3D0-93C2-44EA-AB12-DFE5B3327CEE}.Release|Any CPU.ActiveCfg = Release|Any CPU
		{FDF6F3D0-93C2-44EA-AB12-DFE5B3327CEE}.Release|Any CPU.Build.0 = Release|Any CPU
	EndGlobalSection
	GlobalSection(SolutionProperties) = preSolution
		HideSolutionNode = FALSE
	EndGlobalSection
	GlobalSection(ExtensibilityGlobals) = postSolution
		SolutionGuid = {5BC0F8C9-5030-4AF6-A0C0-12C32E8E1B88}
	EndGlobalSection
EndGlobal
