
Microsoft Visual Studio Solution File, Format Version 12.00
# Visual Studio 15
VisualStudioVersion = 15.0.28307.902
MinimumVisualStudioVersion = 10.0.40219.1
Project("{FAE04EC0-301F-11D3-BF4B-00C04F79EFBC}") = "GitRepository", "GitRepository\GitRepository.csproj", "{36EFD32E-A5C2-444C-9991-1C8C71A7EE72}"
EndProject
Project("{FAE04EC0-301F-11D3-BF4B-00C04F79EFBC}") = "SimpleFactory", "SimpleFactory1\SimpleFactory.csproj", "{1D2F4936-284C-4FAF-B4B4-8F6F520EAAF6}"
EndProject
Project("{FAE04EC0-301F-11D3-BF4B-00C04F79EFBC}") = "面试", "面试\面试.csproj", "{8948EF6E-9358-4D01-BB80-E41857744A3C}"
EndProject
Global
	GlobalSection(SolutionConfigurationPlatforms) = preSolution
		Debug|Any CPU = Debug|Any CPU
		Release|Any CPU = Release|Any CPU
	EndGlobalSection
	GlobalSection(ProjectConfigurationPlatforms) = postSolution
		{36EFD32E-A5C2-444C-9991-1C8C71A7EE72}.Debug|Any CPU.ActiveCfg = Debug|Any CPU
		{36EFD32E-A5C2-444C-9991-1C8C71A7EE72}.Debug|Any CPU.Build.0 = Debug|Any CPU
		{36EFD32E-A5C2-444C-9991-1C8C71A7EE72}.Release|Any CPU.ActiveCfg = Release|Any CPU
		{36EFD32E-A5C2-444C-9991-1C8C71A7EE72}.Release|Any CPU.Build.0 = Release|Any CPU
		{1D2F4936-284C-4FAF-B4B4-8F6F520EAAF6}.Debug|Any CPU.ActiveCfg = Debug|Any CPU
		{1D2F4936-284C-4FAF-B4B4-8F6F520EAAF6}.Debug|Any CPU.Build.0 = Debug|Any CPU
		{1D2F4936-284C-4FAF-B4B4-8F6F520EAAF6}.Release|Any CPU.ActiveCfg = Release|Any CPU
		{1D2F4936-284C-4FAF-B4B4-8F6F520EAAF6}.Release|Any CPU.Build.0 = Release|Any CPU
		{8948EF6E-9358-4D01-BB80-E41857744A3C}.Debug|Any CPU.ActiveCfg = Debug|Any CPU
		{8948EF6E-9358-4D01-BB80-E41857744A3C}.Debug|Any CPU.Build.0 = Debug|Any CPU
		{8948EF6E-9358-4D01-BB80-E41857744A3C}.Release|Any CPU.ActiveCfg = Release|Any CPU
		{8948EF6E-9358-4D01-BB80-E41857744A3C}.Release|Any CPU.Build.0 = Release|Any CPU
	EndGlobalSection
	GlobalSection(SolutionProperties) = preSolution
		HideSolutionNode = FALSE
	EndGlobalSection
	GlobalSection(ExtensibilityGlobals) = postSolution
		SolutionGuid = {F0BBD548-E8FF-4F88-91F6-B1238FE7CA82}
	EndGlobalSection
EndGlobal
