
Microsoft Visual Studio Solution File, Format Version 12.00
# Visual Studio 15
VisualStudioVersion = 15.0.28307.902
MinimumVisualStudioVersion = 10.0.40219.1
Project("{FAE04EC0-301F-11D3-BF4B-00C04F79EFBC}") = "DotNetStudy.WebService.Test", "DotNetStudy.WebService.Test\DotNetStudy.WebService.Test.csproj", "{4DB912E6-7782-4B53-BDBE-34E538ABD964}"
EndProject
Project("{FAE04EC0-301F-11D3-BF4B-00C04F79EFBC}") = "DotNetStudy.WCF.Test", "DotNetStudy.WCF.Test\DotNetStudy.WCF.Test.csproj", "{426D0AE3-81F6-407E-89CB-9EA53C04B7A9}"
EndProject
Global
	GlobalSection(SolutionConfigurationPlatforms) = preSolution
		Debug|Any CPU = Debug|Any CPU
		Release|Any CPU = Release|Any CPU
	EndGlobalSection
	GlobalSection(ProjectConfigurationPlatforms) = postSolution
		{4DB912E6-7782-4B53-BDBE-34E538ABD964}.Debug|Any CPU.ActiveCfg = Debug|Any CPU
		{4DB912E6-7782-4B53-BDBE-34E538ABD964}.Debug|Any CPU.Build.0 = Debug|Any CPU
		{4DB912E6-7782-4B53-BDBE-34E538ABD964}.Release|Any CPU.ActiveCfg = Release|Any CPU
		{4DB912E6-7782-4B53-BDBE-34E538ABD964}.Release|Any CPU.Build.0 = Release|Any CPU
		{426D0AE3-81F6-407E-89CB-9EA53C04B7A9}.Debug|Any CPU.ActiveCfg = Debug|Any CPU
		{426D0AE3-81F6-407E-89CB-9EA53C04B7A9}.Debug|Any CPU.Build.0 = Debug|Any CPU
		{426D0AE3-81F6-407E-89CB-9EA53C04B7A9}.Release|Any CPU.ActiveCfg = Release|Any CPU
		{426D0AE3-81F6-407E-89CB-9EA53C04B7A9}.Release|Any CPU.Build.0 = Release|Any CPU
	EndGlobalSection
	GlobalSection(SolutionProperties) = preSolution
		HideSolutionNode = FALSE
	EndGlobalSection
	GlobalSection(ExtensibilityGlobals) = postSolution
		SolutionGuid = {54D8C2EC-C326-46BD-8CAF-B2584FB06813}
	EndGlobalSection
EndGlobal
