
Microsoft Visual Studio Solution File, Format Version 12.00
# Visual Studio 15
VisualStudioVersion = 15.0.28307.902
MinimumVisualStudioVersion = 10.0.40219.1
Project("{FAE04EC0-301F-11D3-BF4B-00C04F79EFBC}") = "DotNetStudy.WCF.Console", "DotNetStudy.WCF.Console\DotNetStudy.WCF.Console.csproj", "{807A895D-E28B-482F-9543-70FC4806860B}"
EndProject
Project("{FAE04EC0-301F-11D3-BF4B-00C04F79EFBC}") = "DotNetStudy.WCF.Service", "DotNetStudy.WCF.Service\DotNetStudy.WCF.Service.csproj", "{C94CBAD2-A22C-408A-875D-3F63DD3A4C04}"
EndProject
Project("{FAE04EC0-301F-11D3-BF4B-00C04F79EFBC}") = "DotNetStudy.WCF.Interface", "DotNetStudy.WCF.Interface\DotNetStudy.WCF.Interface.csproj", "{C7114968-6F15-41D5-BBC2-E6C2A5FB2A51}"
EndProject
Project("{FAE04EC0-301F-11D3-BF4B-00C04F79EFBC}") = "DotNetStudy.SOA.WebApi.Web", "DotNetStudy.SOA.WebApi.Web\DotNetStudy.SOA.WebApi.Web.csproj", "{9085B350-252F-44F1-8AD5-3471C21EED43}"
EndProject
Project("{FAE04EC0-301F-11D3-BF4B-00C04F79EFBC}") = "DotNetStudy.SOA.WebApi.Interface", "DotNetStudy.SOA.WebApi.Interface\DotNetStudy.SOA.WebApi.Interface.csproj", "{528809B9-3C0F-493B-9300-D4813267D6DE}"
EndProject
Project("{FAE04EC0-301F-11D3-BF4B-00C04F79EFBC}") = "DotNetStudy.SOA.WebApi.Service", "DotNetStudy.SOA.WebApi.Service\DotNetStudy.SOA.WebApi.Service.csproj", "{8A81FFE6-FFA6-4A0B-9562-9FB713662009}"
EndProject
Project("{FAE04EC0-301F-11D3-BF4B-00C04F79EFBC}") = "DotNetStudy.SOA.WebApi.MVCWeb", "DotNetStudy.SOA.WebApi.MVCWeb\DotNetStudy.SOA.WebApi.MVCWeb.csproj", "{7C109ADB-DB24-4A1A-9146-71D9F5B3B703}"
EndProject
Global
	GlobalSection(SolutionConfigurationPlatforms) = preSolution
		Debug|Any CPU = Debug|Any CPU
		Release|Any CPU = Release|Any CPU
	EndGlobalSection
	GlobalSection(ProjectConfigurationPlatforms) = postSolution
		{807A895D-E28B-482F-9543-70FC4806860B}.Debug|Any CPU.ActiveCfg = Debug|Any CPU
		{807A895D-E28B-482F-9543-70FC4806860B}.Debug|Any CPU.Build.0 = Debug|Any CPU
		{807A895D-E28B-482F-9543-70FC4806860B}.Release|Any CPU.ActiveCfg = Release|Any CPU
		{807A895D-E28B-482F-9543-70FC4806860B}.Release|Any CPU.Build.0 = Release|Any CPU
		{C94CBAD2-A22C-408A-875D-3F63DD3A4C04}.Debug|Any CPU.ActiveCfg = Debug|Any CPU
		{C94CBAD2-A22C-408A-875D-3F63DD3A4C04}.Debug|Any CPU.Build.0 = Debug|Any CPU
		{C94CBAD2-A22C-408A-875D-3F63DD3A4C04}.Release|Any CPU.ActiveCfg = Release|Any CPU
		{C94CBAD2-A22C-408A-875D-3F63DD3A4C04}.Release|Any CPU.Build.0 = Release|Any CPU
		{C7114968-6F15-41D5-BBC2-E6C2A5FB2A51}.Debug|Any CPU.ActiveCfg = Debug|Any CPU
		{C7114968-6F15-41D5-BBC2-E6C2A5FB2A51}.Debug|Any CPU.Build.0 = Debug|Any CPU
		{C7114968-6F15-41D5-BBC2-E6C2A5FB2A51}.Release|Any CPU.ActiveCfg = Release|Any CPU
		{C7114968-6F15-41D5-BBC2-E6C2A5FB2A51}.Release|Any CPU.Build.0 = Release|Any CPU
		{9085B350-252F-44F1-8AD5-3471C21EED43}.Debug|Any CPU.ActiveCfg = Debug|Any CPU
		{9085B350-252F-44F1-8AD5-3471C21EED43}.Debug|Any CPU.Build.0 = Debug|Any CPU
		{9085B350-252F-44F1-8AD5-3471C21EED43}.Release|Any CPU.ActiveCfg = Release|Any CPU
		{9085B350-252F-44F1-8AD5-3471C21EED43}.Release|Any CPU.Build.0 = Release|Any CPU
		{528809B9-3C0F-493B-9300-D4813267D6DE}.Debug|Any CPU.ActiveCfg = Debug|Any CPU
		{528809B9-3C0F-493B-9300-D4813267D6DE}.Debug|Any CPU.Build.0 = Debug|Any CPU
		{528809B9-3C0F-493B-9300-D4813267D6DE}.Release|Any CPU.ActiveCfg = Release|Any CPU
		{528809B9-3C0F-493B-9300-D4813267D6DE}.Release|Any CPU.Build.0 = Release|Any CPU
		{8A81FFE6-FFA6-4A0B-9562-9FB713662009}.Debug|Any CPU.ActiveCfg = Debug|Any CPU
		{8A81FFE6-FFA6-4A0B-9562-9FB713662009}.Debug|Any CPU.Build.0 = Debug|Any CPU
		{8A81FFE6-FFA6-4A0B-9562-9FB713662009}.Release|Any CPU.ActiveCfg = Release|Any CPU
		{8A81FFE6-FFA6-4A0B-9562-9FB713662009}.Release|Any CPU.Build.0 = Release|Any CPU
		{7C109ADB-DB24-4A1A-9146-71D9F5B3B703}.Debug|Any CPU.ActiveCfg = Debug|Any CPU
		{7C109ADB-DB24-4A1A-9146-71D9F5B3B703}.Debug|Any CPU.Build.0 = Debug|Any CPU
		{7C109ADB-DB24-4A1A-9146-71D9F5B3B703}.Release|Any CPU.ActiveCfg = Release|Any CPU
		{7C109ADB-DB24-4A1A-9146-71D9F5B3B703}.Release|Any CPU.Build.0 = Release|Any CPU
	EndGlobalSection
	GlobalSection(SolutionProperties) = preSolution
		HideSolutionNode = FALSE
	EndGlobalSection
	GlobalSection(ExtensibilityGlobals) = postSolution
		SolutionGuid = {A178AEAD-228B-412A-B39D-EEF7BE71C5A6}
	EndGlobalSection
EndGlobal
