
Microsoft Visual Studio Solution File, Format Version 12.00
# Visual Studio 15
VisualStudioVersion = 15.0.28307.902
MinimumVisualStudioVersion = 10.0.40219.1
Project("{FAE04EC0-301F-11D3-BF4B-00C04F79EFBC}") = "DesignPatternHomework", "DesignPatternHomework\DesignPatternHomework.csproj", "{02ED6939-83DF-4A9F-A9B4-31542208AAA6}"
EndProject
Project("{FAE04EC0-301F-11D3-BF4B-00C04F79EFBC}") = "DesignPattern.Model", "DesignPattern.Model\DesignPattern.Model.csproj", "{24CB4A17-A527-40BF-9868-9097F12F8C03}"
EndProject
Project("{FAE04EC0-301F-11D3-BF4B-00C04F79EFBC}") = "DesignPattern.AbstractFactory", "DesignPattern.AbstractFactory\DesignPattern.AbstractFactory.csproj", "{7985557C-EB5B-41A1-B415-B13F125BAA78}"
EndProject
Project("{FAE04EC0-301F-11D3-BF4B-00C04F79EFBC}") = "DesignPattern.Common", "DesignPattern.Common\DesignPattern.Common.csproj", "{BD19EF1E-AB53-4494-B2B0-57851C834130}"
EndProject
Project("{FAE04EC0-301F-11D3-BF4B-00C04F79EFBC}") = "DesignPattern.Decorator", "DesignPattern.Decorator\DesignPattern.Decorator.csproj", "{33F64530-BD0E-446C-AC8E-F3EA9C52C53B}"
EndProject
Project("{FAE04EC0-301F-11D3-BF4B-00C04F79EFBC}") = "DesignPattern.Interface", "DesignPattern.Interface\DesignPattern.Interface.csproj", "{296FE992-529F-435A-8834-CC212A8CC8D7}"
EndProject
Project("{FAE04EC0-301F-11D3-BF4B-00C04F79EFBC}") = "DesignPattern.Observer", "DesignPattern.Observer\DesignPattern.Observer.csproj", "{A0423BFF-C418-45A9-BE9A-82BB6C50622A}"
EndProject
Global
	GlobalSection(SolutionConfigurationPlatforms) = preSolution
		Debug|Any CPU = Debug|Any CPU
		Release|Any CPU = Release|Any CPU
	EndGlobalSection
	GlobalSection(ProjectConfigurationPlatforms) = postSolution
		{02ED6939-83DF-4A9F-A9B4-31542208AAA6}.Debug|Any CPU.ActiveCfg = Debug|Any CPU
		{02ED6939-83DF-4A9F-A9B4-31542208AAA6}.Debug|Any CPU.Build.0 = Debug|Any CPU
		{02ED6939-83DF-4A9F-A9B4-31542208AAA6}.Release|Any CPU.ActiveCfg = Release|Any CPU
		{02ED6939-83DF-4A9F-A9B4-31542208AAA6}.Release|Any CPU.Build.0 = Release|Any CPU
		{24CB4A17-A527-40BF-9868-9097F12F8C03}.Debug|Any CPU.ActiveCfg = Debug|Any CPU
		{24CB4A17-A527-40BF-9868-9097F12F8C03}.Debug|Any CPU.Build.0 = Debug|Any CPU
		{24CB4A17-A527-40BF-9868-9097F12F8C03}.Release|Any CPU.ActiveCfg = Release|Any CPU
		{24CB4A17-A527-40BF-9868-9097F12F8C03}.Release|Any CPU.Build.0 = Release|Any CPU
		{7985557C-EB5B-41A1-B415-B13F125BAA78}.Debug|Any CPU.ActiveCfg = Debug|Any CPU
		{7985557C-EB5B-41A1-B415-B13F125BAA78}.Debug|Any CPU.Build.0 = Debug|Any CPU
		{7985557C-EB5B-41A1-B415-B13F125BAA78}.Release|Any CPU.ActiveCfg = Release|Any CPU
		{7985557C-EB5B-41A1-B415-B13F125BAA78}.Release|Any CPU.Build.0 = Release|Any CPU
		{BD19EF1E-AB53-4494-B2B0-57851C834130}.Debug|Any CPU.ActiveCfg = Debug|Any CPU
		{BD19EF1E-AB53-4494-B2B0-57851C834130}.Debug|Any CPU.Build.0 = Debug|Any CPU
		{BD19EF1E-AB53-4494-B2B0-57851C834130}.Release|Any CPU.ActiveCfg = Release|Any CPU
		{BD19EF1E-AB53-4494-B2B0-57851C834130}.Release|Any CPU.Build.0 = Release|Any CPU
		{33F64530-BD0E-446C-AC8E-F3EA9C52C53B}.Debug|Any CPU.ActiveCfg = Debug|Any CPU
		{33F64530-BD0E-446C-AC8E-F3EA9C52C53B}.Debug|Any CPU.Build.0 = Debug|Any CPU
		{33F64530-BD0E-446C-AC8E-F3EA9C52C53B}.Release|Any CPU.ActiveCfg = Release|Any CPU
		{33F64530-BD0E-446C-AC8E-F3EA9C52C53B}.Release|Any CPU.Build.0 = Release|Any CPU
		{296FE992-529F-435A-8834-CC212A8CC8D7}.Debug|Any CPU.ActiveCfg = Debug|Any CPU
		{296FE992-529F-435A-8834-CC212A8CC8D7}.Debug|Any CPU.Build.0 = Debug|Any CPU
		{296FE992-529F-435A-8834-CC212A8CC8D7}.Release|Any CPU.ActiveCfg = Release|Any CPU
		{296FE992-529F-435A-8834-CC212A8CC8D7}.Release|Any CPU.Build.0 = Release|Any CPU
		{A0423BFF-C418-45A9-BE9A-82BB6C50622A}.Debug|Any CPU.ActiveCfg = Debug|Any CPU
		{A0423BFF-C418-45A9-BE9A-82BB6C50622A}.Debug|Any CPU.Build.0 = Debug|Any CPU
		{A0423BFF-C418-45A9-BE9A-82BB6C50622A}.Release|Any CPU.ActiveCfg = Release|Any CPU
		{A0423BFF-C418-45A9-BE9A-82BB6C50622A}.Release|Any CPU.Build.0 = Release|Any CPU
	EndGlobalSection
	GlobalSection(SolutionProperties) = preSolution
		HideSolutionNode = FALSE
	EndGlobalSection
	GlobalSection(ExtensibilityGlobals) = postSolution
		SolutionGuid = {7C6DBEC9-2283-4114-8C72-11959F44850D}
	EndGlobalSection
EndGlobal
